
Microsoft Visual Studio Solution File, Format Version 12.00
# Visual Studio 2013
VisualStudioVersion = 12.0.40629.0
MinimumVisualStudioVersion = 10.0.40219.1
Project("{FAE04EC0-301F-11D3-BF4B-00C04F79EFBC}") = "Kaxaml", "Kaxaml\Kaxaml.csproj", "{FF5B3F61-822A-4154-9215-43D4A835EDF4}"
EndProject
Project("{FAE04EC0-301F-11D3-BF4B-00C04F79EFBC}") = "KaxamlPlugins", "KaxamlPlugins\KaxamlPlugins.csproj", "{F6B1B201-8293-4729-842C-0BB54F89FFA7}"
EndProject
Project("{FAE04EC0-301F-11D3-BF4B-00C04F79EFBC}") = "ColorPickerPlugin", "ColorPickerPlugin\ColorPickerPlugin.csproj", "{5530593D-5AEF-4761-9672-D2E7F642AFE9}"
EndProject
Project("{FAE04EC0-301F-11D3-BF4B-00C04F79EFBC}") = "SnapshotPlugin", "SnapshotPlugin\SnapshotPlugin.csproj", "{44B5D1D9-2087-4E43-BCED-A7CD8B00BF22}"
EndProject
Project("{FAE04EC0-301F-11D3-BF4B-00C04F79EFBC}") = "XamlScrubberPlugin", "XamlScrubberPlugin\XamlScrubberPlugin.csproj", "{F313AD16-137D-4DF0-9A3B-027900F997A9}"
	ProjectSection(ProjectDependencies) = postProject
		{FF5B3F61-822A-4154-9215-43D4A835EDF4} = {FF5B3F61-822A-4154-9215-43D4A835EDF4}
	EndProjectSection
EndProject
Project("{54435603-DBB4-11D2-8724-00A0C9A8B90C}") = "Setup", "Setup\Setup.vdproj", "{E3A89593-B571-43CD-B227-38B9C30F6CC2}"
EndProject
Project("{FAE04EC0-301F-11D3-BF4B-00C04F79EFBC}") = "KaxamlSilverlightHost", "KaxamlSilverlightHost\KaxamlSilverlightHost.csproj", "{873E2150-4B06-418B-A998-245B0883B32C}"
EndProject
Global
	GlobalSection(SolutionConfigurationPlatforms) = preSolution
		Debug|x86 = Debug|x86
		Release|x86 = Release|x86
	EndGlobalSection
	GlobalSection(ProjectConfigurationPlatforms) = postSolution
		{FF5B3F61-822A-4154-9215-43D4A835EDF4}.Debug|x86.ActiveCfg = Debug|x86
		{FF5B3F61-822A-4154-9215-43D4A835EDF4}.Debug|x86.Build.0 = Debug|x86
		{FF5B3F61-822A-4154-9215-43D4A835EDF4}.Release|x86.ActiveCfg = Release|x86
		{FF5B3F61-822A-4154-9215-43D4A835EDF4}.Release|x86.Build.0 = Release|x86
		{F6B1B201-8293-4729-842C-0BB54F89FFA7}.Debug|x86.ActiveCfg = Debug|Any CPU
		{F6B1B201-8293-4729-842C-0BB54F89FFA7}.Debug|x86.Build.0 = Debug|Any CPU
		{F6B1B201-8293-4729-842C-0BB54F89FFA7}.Release|x86.ActiveCfg = Release|Any CPU
		{F6B1B201-8293-4729-842C-0BB54F89FFA7}.Release|x86.Build.0 = Release|Any CPU
		{5530593D-5AEF-4761-9672-D2E7F642AFE9}.Debug|x86.ActiveCfg = Debug|Any CPU
		{5530593D-5AEF-4761-9672-D2E7F642AFE9}.Debug|x86.Build.0 = Debug|Any CPU
		{5530593D-5AEF-4761-9672-D2E7F642AFE9}.Release|x86.ActiveCfg = Release|Any CPU
		{5530593D-5AEF-4761-9672-D2E7F642AFE9}.Release|x86.Build.0 = Release|Any CPU
		{44B5D1D9-2087-4E43-BCED-A7CD8B00BF22}.Debug|x86.ActiveCfg = Debug|Any CPU
		{44B5D1D9-2087-4E43-BCED-A7CD8B00BF22}.Debug|x86.Build.0 = Debug|Any CPU
		{44B5D1D9-2087-4E43-BCED-A7CD8B00BF22}.Release|x86.ActiveCfg = Release|Any CPU
		{44B5D1D9-2087-4E43-BCED-A7CD8B00BF22}.Release|x86.Build.0 = Release|Any CPU
		{F313AD16-137D-4DF0-9A3B-027900F997A9}.Debug|x86.ActiveCfg = Debug|Any CPU
		{F313AD16-137D-4DF0-9A3B-027900F997A9}.Debug|x86.Build.0 = Debug|Any CPU
		{F313AD16-137D-4DF0-9A3B-027900F997A9}.Release|x86.ActiveCfg = Release|Any CPU
		{F313AD16-137D-4DF0-9A3B-027900F997A9}.Release|x86.Build.0 = Release|Any CPU
		{E3A89593-B571-43CD-B227-38B9C30F6CC2}.Debug|x86.ActiveCfg = Debug
		{E3A89593-B571-43CD-B227-38B9C30F6CC2}.Release|x86.ActiveCfg = Release
		{873E2150-4B06-418B-A998-245B0883B32C}.Debug|x86.ActiveCfg = Debug|Any CPU
		{873E2150-4B06-418B-A998-245B0883B32C}.Debug|x86.Build.0 = Debug|Any CPU
		{873E2150-4B06-418B-A998-245B0883B32C}.Release|x86.ActiveCfg = Release|Any CPU
		{873E2150-4B06-418B-A998-245B0883B32C}.Release|x86.Build.0 = Release|Any CPU
	EndGlobalSection
	GlobalSection(SolutionProperties) = preSolution
		HideSolutionNode = FALSE
	EndGlobalSection
EndGlobal
